// !$*UTF8*$!
{
	archiveVersion = 1;
	classes = {
	};
	objectVersion = 46;
	objects = {

/* Begin PBXBuildFile section */
		F4DD24D11CEC5A2B0085A82F /* AppDelegate.swift in Sources */ = {isa = PBXBuildFile; fileRef = F4DD24D01CEC5A2B0085A82F /* AppDelegate.swift */; };
		F4DD24D31CEC5A2B0085A82F /* ViewController.swift in Sources */ = {isa = PBXBuildFile; fileRef = F4DD24D21CEC5A2B0085A82F /* ViewController.swift */; };
		F4DD24D61CEC5A2B0085A82F /* Main.storyboard in Resources */ = {isa = PBXBuildFile; fileRef = F4DD24D41CEC5A2B0085A82F /* Main.storyboard */; };
		F4DD24D81CEC5A2B0085A82F /* Assets.xcassets in Resources */ = {isa = PBXBuildFile; fileRef = F4DD24D71CEC5A2B0085A82F /* Assets.xcassets */; };
		F4DD24DB1CEC5A2B0085A82F /* LaunchScreen.storyboard in Resources */ = {isa = PBXBuildFile; fileRef = F4DD24D91CEC5A2B0085A82F /* LaunchScreen.storyboard */; };
/* End PBXBuildFile section */

/* Begin PBXFileReference section */
		F4DD24CD1CEC5A2B0085A82F /* PushTest.app */ = {isa = PBXFileReference; explicitFileType = wrapper.application; includeInIndex = 0; path = PushTest.app; sourceTree = BUILT_PRODUCTS_DIR; };
		F4DD24D01CEC5A2B0085A82F /* AppDelegate.swift */ = {isa = PBXFileReference; lastKnownFileType = sourcecode.swift; path = AppDelegate.swift; sourceTree = "<group>"; };
		F4DD24D21CEC5A2B0085A82F /* ViewController.swift */ = {isa = PBXFileReference; lastKnownFileType = sourcecode.swift; path = ViewController.swift; sourceTree = "<group>"; };
		F4DD24D51CEC5A2B0085A82F /* Base */ = {isa = PBXFileReference; lastKnownFileType = file.storyboard; name = Base; path = Base.lproj/Main.storyboard; sourceTree = "<group>"; };
		F4DD24D71CEC5A2B0085A82F /* Assets.xcassets */ = {isa = PBXFileReference; lastKnownFileType = folder.assetcatalog; path = Assets.xcassets; sourceTree = "<group>"; };
		F4DD24DA1CEC5A2B0085A82F /* Base */ = {isa = PBXFileReference; lastKnownFileType = file.storyboard; name = Base; path = Base.lproj/LaunchScreen.storyboard; sourceTree = "<group>"; };
		F4DD24DC1CEC5A2B0085A82F /* Info.plist */ = {isa = PBXFileReference; lastKnownFileType = text.plist.xml; path = Info.plist; sourceTree = "<group>"; };
/* End PBXFileReference section */

/* Begin PBXFrameworksBuildPhase section */
		F4DD24CA1CEC5A2B0085A82F /* Frameworks */ = {
			isa = PBXFrameworksBuildPhase;
			buildActionMask = 2147483647;
			files = (
			);
			runOnlyForDeploymentPostprocessing = 0;
		};
/* End PBXFrameworksBuildPhase section */

/* Begin PBXGroup section */
		F4DD24C41CEC5A2B0085A82F = {
			isa = PBXGroup;
			children = (
				F4DD24CF1CEC5A2B0085A82F /* PushTest */,
				F4DD24CE1CEC5A2B0085A82F /* Products */,
			);
			sourceTree = "<group>";
		};
		F4DD24CE1CEC5A2B0085A82F /* Products */ = {
			isa = PBXGroup;
			children = (
				F4DD24CD1CEC5A2B0085A82F /* PushTest.app */,
			);
			name = Products;
			sourceTree = "<group>";
		};
		F4DD24CF1CEC5A2B0085A82F /* PushTest */ = {
			isa = PBXGroup;
			children = (
				F4DD24D01CEC5A2B0085A82F /* AppDelegate.swift */,
				F4DD24D21CEC5A2B0085A82F /* ViewController.swift */,
				F4DD24D41CEC5A2B0085A82F /* Main.storyboard */,
				F4DD24D71CEC5A2B0085A82F /* Assets.xcassets */,
				F4DD24D91CEC5A2B0085A82F /* LaunchScreen.storyboard */,
				F4DD24DC1CEC5A2B0085A82F /* Info.plist */,
			);
			path = PushTest;
			sourceTree = "<group>";
		};
/* End PBXGroup section */

/* Begin PBXNativeTarget section */
		F4DD24CC1CEC5A2B0085A82F /* PushTest */ = {
			isa = PBXNativeTarget;
			buildConfigurationList = F4DD24DF1CEC5A2B0085A82F /* Build configuration list for PBXNativeTarget "PushTest" */;
			buildPhases = (
				F4DD24C91CEC5A2B0085A82F /* Sources */,
				F4DD24CA1CEC5A2B0085A82F /* Frameworks */,
				F4DD24CB1CEC5A2B0085A82F /* Resources */,
			);
			buildRules = (
			);
			dependencies = (
			);
			name = PushTest;
			productName = PushTest;
			productReference = F4DD24CD1CEC5A2B0085A82F /* PushTest.app */;
			productType = "com.apple.product-type.application";
		};
/* End PBXNativeTarget section */

/* Begin PBXProject section */
		F4DD24C51CEC5A2B0085A82F /* Project object */ = {
			isa = PBXProject;
			attributes = {
				LastSwiftUpdateCheck = 0730;
				LastUpgradeCheck = 0730;
				ORGANIZATIONNAME = "MF839-021";
				TargetAttributes = {
					F4DD24CC1CEC5A2B0085A82F = {
						CreatedOnToolsVersion = 7.3;
					};
				};
			};
			buildConfigurationList = F4DD24C81CEC5A2B0085A82F /* Build configuration list for PBXProject "PushTest" */;
			compatibilityVersion = "Xcode 3.2";
			developmentRegion = English;
			hasScannedForEncodings = 0;
			knownRegions = (
				en,
				Base,
			);
			mainGroup = F4DD24C41CEC5A2B0085A82F;
			productRefGroup = F4DD24CE1CEC5A2B0085A82F /* Products */;
			projectDirPath = "";
			projectRoot = "";
			targets = (
				F4DD24CC1CEC5A2B0085A82F /* PushTest */,
			);
		};
/* End PBXProject section */

/* Begin PBXResourcesBuildPhase section */
		F4DD24CB1CEC5A2B0085A82F /* Resources */ = {
			isa = PBXResourcesBuildPhase;
			buildActionMask = 2147483647;
			files = (
				F4DD24DB1CEC5A2B0085A82F /* LaunchScreen.storyboard in Resources */,
				F4DD24D81CEC5A2B0085A82F /* Assets.xcassets in Resources */,
				F4DD24D61CEC5A2B0085A82F /* Main.storyboard in Resources */,
			);
			runOnlyForDeploymentPostprocessing = 0;
		};
/* End PBXResourcesBuildPhase section */

/* Begin PBXSourcesBuildPhase section */
		F4DD24C91CEC5A2B0085A82F /* Sources */ = {
			isa = PBXSourcesBuildPhase;
			buildActionMask = 2147483647;
			files = (
				F4DD24D31CEC5A2B0085A82F /* ViewController.swift in Sources */,
				F4DD24D11CEC5A2B0085A82F /* AppDelegate.swift in Sources */,
			);
			runOnlyForDeploymentPostprocessing = 0;
		};
/* End PBXSourcesBuildPhase section */

/* Begin PBXVariantGroup section */
		F4DD24D41CEC5A2B0085A82F /* Main.storyboard */ = {
			isa = PBXVariantGroup;
			children = (
				F4DD24D51CEC5A2B0085A82F /* Base */,
			);
			name = Main.storyboard;
			sourceTree = "<group>";
		};
		F4DD24D91CEC5A2B0085A82F /* LaunchScreen.storyboard */ = {
			isa = PBXVariantGroup;
			children = (
				F4DD24DA1CEC5A2B0085A82F /* Base */,
			);
			name = LaunchScreen.storyboard;
			sourceTree = "<group>";
		};
/* End PBXVariantGroup section */

/* Begin XCBuildConfiguration section */
		F4DD24DD1CEC5A2B0085A82F /* Debug */ = {
			isa = XCBuildConfiguration;
			buildSettings = {
				ALWAYS_SEARCH_USER_PATHS = NO;
				CLANG_ANALYZER_NONNULL = YES;
				CLANG_CXX_LANGUAGE_STANDARD = "gnu++0x";
				CLANG_CXX_LIBRARY = "libc++";
				CLANG_ENABLE_MODULES = YES;
				CLANG_ENABLE_OBJC_ARC = YES;
				CLANG_WARN_BOOL_CONVERSION = YES;
				CLANG_WARN_CONSTANT_CONVERSION = YES;
				CLANG_WARN_DIRECT_OBJC_ISA_USAGE = YES_ERROR;
				CLANG_WARN_EMPTY_BODY = YES;
				CLANG_WARN_ENUM_CONVERSION = YES;
				CLANG_WARN_INT_CONVERSION = YES;
				CLANG_WARN_OBJC_ROOT_CLASS = YES_ERROR;
				CLANG_WARN_UNREACHABLE_CODE = YES;
				CLANG_WARN__DUPLICATE_METHOD_MATCH = YES;
				"CODE_SIGN_IDENTITY[sdk=iphoneos*]" = "iPhone Developer";
				COPY_PHASE_STRIP = NO;
				DEBUG_INFORMATION_FORMAT = dwarf;
				ENABLE_STRICT_OBJC_MSGSEND = YES;
				ENABLE_TESTABILITY = YES;
				GCC_C_LANGUAGE_STANDARD = gnu99;
				GCC_DYNAMIC_NO_PIC = NO;
				GCC_NO_COMMON_BLOCKS = YES;
				GCC_OPTIMIZATION_LEVEL = 0;
				GCC_PREPROCESSOR_DEFINITIONS = (
					"DEBUG=1",
					"$(inherited)",
				);
				GCC_WARN_64_TO_32_BIT_CONVERSION = YES;
				GCC_WARN_ABOUT_RETURN_TYPE = YES_ERROR;
				GCC_WARN_UNDECLARED_SELECTOR = YES;
				GCC_WARN_UNINITIALIZED_AUTOS = YES_AGGRESSIVE;
				GCC_WARN_UNUSED_FUNCTION = YES;
				GCC_WARN_UNUSED_VARIABLE = YES;
				IPHONEOS_DEPLOYMENT_TARGET = 9.3;
				MTL_ENABLE_DEBUG_INFO = YES;
				ONLY_ACTIVE_ARCH = YES;
				SDKROOT = iphoneos;
				SWIFT_OPTIMIZATION_LEVEL = "-Onone";
			};
			name = Debug;
		};
		F4DD24DE1CEC5A2B0085A82F /* Release */ = {
			isa = XCBuildConfiguration;
			buildSettings = {
				ALWAYS_SEARCH_USER_PATHS = NO;
				CLANG_ANALYZER_NONNULL = YES;
				CLANG_CXX_LANGUAGE_STANDARD = "gnu++0x";
				CLANG_CXX_LIBRARY = "libc++";
				CLANG_ENABLE_MODULES = YES;
				CLANG_ENABLE_OBJC_ARC = YES;
				CLANG_WARN_BOOL_CONVERSION = YES;
				CLANG_WARN_CONSTANT_CONVERSION = YES;
				CLANG_WARN_DIRECT_OBJC_ISA_USAGE = YES_ERROR;
				CLANG_WARN_EMPTY_BODY = YES;
				CLANG_WARN_ENUM_CONVERSION = YES;
				CLANG_WARN_INT_CONVERSION = YES;
				CLANG_WARN_OBJC_ROOT_CLASS = YES_ERROR;
				CLANG_WARN_UNREACHABLE_CODE = YES;
				CLANG_WARN__DUPLICATE_METHOD_MATCH = YES;
				"CODE_SIGN_IDENTITY[sdk=iphoneos*]" = "iPhone Developer";
				COPY_PHASE_STRIP = NO;
				DEBUG_INFORMATION_FORMAT = "dwarf-with-dsym";
				ENABLE_NS_ASSERTIONS = NO;
				ENABLE_STRICT_OBJC_MSGSEND = YES;
				GCC_C_LANGUAGE_STANDARD = gnu99;
				GCC_NO_COMMON_BLOCKS = YES;
				GCC_WARN_64_TO_32_BIT_CONVERSION = YES;
				GCC_WARN_ABOUT_RETURN_TYPE = YES_ERROR;
				GCC_WARN_UNDECLARED_SELECTOR = YES;
				GCC_WARN_UNINITIALIZED_AUTOS = YES_AGGRESSIVE;
				GCC_WARN_UNUSED_FUNCTION = YES;
				GCC_WARN_UNUSED_VARIABLE = YES;
				IPHONEOS_DEPLOYMENT_TARGET = 9.3;
				MTL_ENABLE_DEBUG_INFO = NO;
				SDKROOT = iphoneos;
				VALIDATE_PRODUCT = YES;
			};
			name = Release;
		};
		F4DD24E01CEC5A2B0085A82F /* Debug */ = {
			isa = XCBuildConfiguration;
			buildSettings = {
				ASSETCATALOG_COMPILER_APPICON_NAME = AppIcon;
				INFOPLIST_FILE = PushTest/Info.plist;
				LD_RUNPATH_SEARCH_PATHS = "$(inherited) @executable_path/Frameworks";
				PRODUCT_BUNDLE_IDENTIFIER = com.yjuneTest.PushTest;
				PRODUCT_NAME = "$(TARGET_NAME)";
			};
			name = Debug;
		};
		F4DD24E11CEC5A2B0085A82F /* Release */ = {
			isa = XCBuildConfiguration;
			buildSettings = {
				ASSETCATALOG_COMPILER_APPICON_NAME = AppIcon;
				INFOPLIST_FILE = PushTest/Info.plist;
				LD_RUNPATH_SEARCH_PATHS = "$(inherited) @executable_path/Frameworks";
				PRODUCT_BUNDLE_IDENTIFIER = com.yjuneTest.PushTest;
				PRODUCT_NAME = "$(TARGET_NAME)";
			};
			name = Release;
		};
/* End XCBuildConfiguration section */

/* Begin XCConfigurationList section */
		F4DD24C81CEC5A2B0085A82F /* Build configuration list for PBXProject "PushTest" */ = {
			isa = XCConfigurationList;
			buildConfigurations = (
				F4DD24DD1CEC5A2B0085A82F /* Debug */,
				F4DD24DE1CEC5A2B0085A82F /* Release */,
			);
			defaultConfigurationIsVisible = 0;
			defaultConfigurationName = Release;
		};
		F4DD24DF1CEC5A2B0085A82F /* Build configuration list for PBXNativeTarget "PushTest" */ = {
			isa = XCConfigurationList;
			buildConfigurations = (
				F4DD24E01CEC5A2B0085A82F /* Debug */,
				F4DD24E11CEC5A2B0085A82F /* Release */,
			);
			defaultConfigurationIsVisible = 0;
		};
/* End XCConfigurationList section */
	};
	rootObject = F4DD24C51CEC5A2B0085A82F /* Project object */;
}
